
Microsoft Visual Studio Solution File, Format Version 12.00
# Visual Studio Version 16
VisualStudioVersion = 16.0.810.20
MinimumVisualStudioVersion = 10.0.40219.1
Project("{FAE04EC0-301F-11D3-BF4B-00C04F79EFBC}") = "peelleTest1", "peelleTest1\peelleTest1.csproj", "{2F6FD3AA-6782-4D7B-A930-9A25DBF96AEB}"
EndProject
Global
	GlobalSection(SolutionConfigurationPlatforms) = preSolution
		Debug|Any CPU = Debug|Any CPU
		Release|Any CPU = Release|Any CPU
	EndGlobalSection
	GlobalSection(ProjectConfigurationPlatforms) = postSolution
		{2F6FD3AA-6782-4D7B-A930-9A25DBF96AEB}.Debug|Any CPU.ActiveCfg = Debug|Any CPU
		{2F6FD3AA-6782-4D7B-A930-9A25DBF96AEB}.Debug|Any CPU.Build.0 = Debug|Any CPU
		{2F6FD3AA-6782-4D7B-A930-9A25DBF96AEB}.Release|Any CPU.ActiveCfg = Release|Any CPU
		{2F6FD3AA-6782-4D7B-A930-9A25DBF96AEB}.Release|Any CPU.Build.0 = Release|Any CPU
	EndGlobalSection
	GlobalSection(SolutionProperties) = preSolution
		HideSolutionNode = FALSE
	EndGlobalSection
	GlobalSection(ExtensibilityGlobals) = postSolution
		SolutionGuid = {158CE3F9-5183-490C-9340-2AB7CFED215D}
	EndGlobalSection
EndGlobal
